// !$*UTF8*$!
{
	archiveVersion = 1;
	classes = {
	};
	objectVersion = 50;
	objects = {

/* Begin PBXBuildFile section */
		6AF1A2EF22F3FAE8000DFF79 /* AppDelegate.swift in Sources */ = {isa = PBXBuildFile; fileRef = 6AF1A2EE22F3FAE8000DFF79 /* AppDelegate.swift */; };
		6AF1A2F122F3FAE8000DFF79 /* ViewController.swift in Sources */ = {isa = PBXBuildFile; fileRef = 6AF1A2F022F3FAE8000DFF79 /* ViewController.swift */; };
		6AF1A2F422F3FAE8000DFF79 /* Main.storyboard in Resources */ = {isa = PBXBuildFile; fileRef = 6AF1A2F222F3FAE8000DFF79 /* Main.storyboard */; };
		6AF1A2F622F3FAEB000DFF79 /* Assets.xcassets in Resources */ = {isa = PBXBuildFile; fileRef = 6AF1A2F522F3FAEB000DFF79 /* Assets.xcassets */; };
		6AF1A2F922F3FAEB000DFF79 /* LaunchScreen.storyboard in Resources */ = {isa = PBXBuildFile; fileRef = 6AF1A2F722F3FAEB000DFF79 /* LaunchScreen.storyboard */; };
		6AF1A30422F3FAEB000DFF79 /* car_controllerTests.swift in Sources */ = {isa = PBXBuildFile; fileRef = 6AF1A30322F3FAEB000DFF79 /* car_controllerTests.swift */; };
		6AF1A30F22F3FAEB000DFF79 /* car_controllerUITests.swift in Sources */ = {isa = PBXBuildFile; fileRef = 6AF1A30E22F3FAEB000DFF79 /* car_controllerUITests.swift */; };
/* End PBXBuildFile section */

/* Begin PBXContainerItemProxy section */
		6AF1A30022F3FAEB000DFF79 /* PBXContainerItemProxy */ = {
			isa = PBXContainerItemProxy;
			containerPortal = 6AF1A2E322F3FAE8000DFF79 /* Project object */;
			proxyType = 1;
			remoteGlobalIDString = 6AF1A2EA22F3FAE8000DFF79;
			remoteInfo = car_controller;
		};
		6AF1A30B22F3FAEB000DFF79 /* PBXContainerItemProxy */ = {
			isa = PBXContainerItemProxy;
			containerPortal = 6AF1A2E322F3FAE8000DFF79 /* Project object */;
			proxyType = 1;
			remoteGlobalIDString = 6AF1A2EA22F3FAE8000DFF79;
			remoteInfo = car_controller;
		};
/* End PBXContainerItemProxy section */

/* Begin PBXFileReference section */
		6AF1A2EB22F3FAE8000DFF79 /* car_controller.app */ = {isa = PBXFileReference; explicitFileType = wrapper.application; includeInIndex = 0; path = car_controller.app; sourceTree = BUILT_PRODUCTS_DIR; };
		6AF1A2EE22F3FAE8000DFF79 /* AppDelegate.swift */ = {isa = PBXFileReference; lastKnownFileType = sourcecode.swift; path = AppDelegate.swift; sourceTree = "<group>"; };
		6AF1A2F022F3FAE8000DFF79 /* ViewController.swift */ = {isa = PBXFileReference; lastKnownFileType = sourcecode.swift; path = ViewController.swift; sourceTree = "<group>"; };
		6AF1A2F322F3FAE8000DFF79 /* Base */ = {isa = PBXFileReference; lastKnownFileType = file.storyboard; name = Base; path = Base.lproj/Main.storyboard; sourceTree = "<group>"; };
		6AF1A2F522F3FAEB000DFF79 /* Assets.xcassets */ = {isa = PBXFileReference; lastKnownFileType = folder.assetcatalog; path = Assets.xcassets; sourceTree = "<group>"; };
		6AF1A2F822F3FAEB000DFF79 /* Base */ = {isa = PBXFileReference; lastKnownFileType = file.storyboard; name = Base; path = Base.lproj/LaunchScreen.storyboard; sourceTree = "<group>"; };
		6AF1A2FA22F3FAEB000DFF79 /* Info.plist */ = {isa = PBXFileReference; lastKnownFileType = text.plist.xml; path = Info.plist; sourceTree = "<group>"; };
		6AF1A2FF22F3FAEB000DFF79 /* car_controllerTests.xctest */ = {isa = PBXFileReference; explicitFileType = wrapper.cfbundle; includeInIndex = 0; path = car_controllerTests.xctest; sourceTree = BUILT_PRODUCTS_DIR; };
		6AF1A30322F3FAEB000DFF79 /* car_controllerTests.swift */ = {isa = PBXFileReference; lastKnownFileType = sourcecode.swift; path = car_controllerTests.swift; sourceTree = "<group>"; };
		6AF1A30522F3FAEB000DFF79 /* Info.plist */ = {isa = PBXFileReference; lastKnownFileType = text.plist.xml; path = Info.plist; sourceTree = "<group>"; };
		6AF1A30A22F3FAEB000DFF79 /* car_controllerUITests.xctest */ = {isa = PBXFileReference; explicitFileType = wrapper.cfbundle; includeInIndex = 0; path = car_controllerUITests.xctest; sourceTree = BUILT_PRODUCTS_DIR; };
		6AF1A30E22F3FAEB000DFF79 /* car_controllerUITests.swift */ = {isa = PBXFileReference; lastKnownFileType = sourcecode.swift; path = car_controllerUITests.swift; sourceTree = "<group>"; };
		6AF1A31022F3FAEB000DFF79 /* Info.plist */ = {isa = PBXFileReference; lastKnownFileType = text.plist.xml; path = Info.plist; sourceTree = "<group>"; };
/* End PBXFileReference section */

/* Begin PBXFrameworksBuildPhase section */
		6AF1A2E822F3FAE8000DFF79 /* Frameworks */ = {
			isa = PBXFrameworksBuildPhase;
			buildActionMask = 2147483647;
			files = (
			);
			runOnlyForDeploymentPostprocessing = 0;
		};
		6AF1A2FC22F3FAEB000DFF79 /* Frameworks */ = {
			isa = PBXFrameworksBuildPhase;
			buildActionMask = 2147483647;
			files = (
			);
			runOnlyForDeploymentPostprocessing = 0;
		};
		6AF1A30722F3FAEB000DFF79 /* Frameworks */ = {
			isa = PBXFrameworksBuildPhase;
			buildActionMask = 2147483647;
			files = (
			);
			runOnlyForDeploymentPostprocessing = 0;
		};
/* End PBXFrameworksBuildPhase section */

/* Begin PBXGroup section */
		6AF1A2E222F3FAE8000DFF79 = {
			isa = PBXGroup;
			children = (
				6AF1A2ED22F3FAE8000DFF79 /* car_controller */,
				6AF1A30222F3FAEB000DFF79 /* car_controllerTests */,
				6AF1A30D22F3FAEB000DFF79 /* car_controllerUITests */,
				6AF1A2EC22F3FAE8000DFF79 /* Products */,
			);
			sourceTree = "<group>";
		};
		6AF1A2EC22F3FAE8000DFF79 /* Products */ = {
			isa = PBXGroup;
			children = (
				6AF1A2EB22F3FAE8000DFF79 /* car_controller.app */,
				6AF1A2FF22F3FAEB000DFF79 /* car_controllerTests.xctest */,
				6AF1A30A22F3FAEB000DFF79 /* car_controllerUITests.xctest */,
			);
			name = Products;
			sourceTree = "<group>";
		};
		6AF1A2ED22F3FAE8000DFF79 /* car_controller */ = {
			isa = PBXGroup;
			children = (
				6AF1A2EE22F3FAE8000DFF79 /* AppDelegate.swift */,
				6AF1A2F022F3FAE8000DFF79 /* ViewController.swift */,
				6AF1A2F222F3FAE8000DFF79 /* Main.storyboard */,
				6AF1A2F522F3FAEB000DFF79 /* Assets.xcassets */,
				6AF1A2F722F3FAEB000DFF79 /* LaunchScreen.storyboard */,
				6AF1A2FA22F3FAEB000DFF79 /* Info.plist */,
			);
			path = car_controller;
			sourceTree = "<group>";
		};
		6AF1A30222F3FAEB000DFF79 /* car_controllerTests */ = {
			isa = PBXGroup;
			children = (
				6AF1A30322F3FAEB000DFF79 /* car_controllerTests.swift */,
				6AF1A30522F3FAEB000DFF79 /* Info.plist */,
			);
			path = car_controllerTests;
			sourceTree = "<group>";
		};
		6AF1A30D22F3FAEB000DFF79 /* car_controllerUITests */ = {
			isa = PBXGroup;
			children = (
				6AF1A30E22F3FAEB000DFF79 /* car_controllerUITests.swift */,
				6AF1A31022F3FAEB000DFF79 /* Info.plist */,
			);
			path = car_controllerUITests;
			sourceTree = "<group>";
		};
/* End PBXGroup section */

/* Begin PBXNativeTarget section */
		6AF1A2EA22F3FAE8000DFF79 /* car_controller */ = {
			isa = PBXNativeTarget;
			buildConfigurationList = 6AF1A31322F3FAEB000DFF79 /* Build configuration list for PBXNativeTarget "car_controller" */;
			buildPhases = (
				6AF1A2E722F3FAE8000DFF79 /* Sources */,
				6AF1A2E822F3FAE8000DFF79 /* Frameworks */,
				6AF1A2E922F3FAE8000DFF79 /* Resources */,
			);
			buildRules = (
			);
			dependencies = (
			);
			name = car_controller;
			productName = car_controller;
			productReference = 6AF1A2EB22F3FAE8000DFF79 /* car_controller.app */;
			productType = "com.apple.product-type.application";
		};
		6AF1A2FE22F3FAEB000DFF79 /* car_controllerTests */ = {
			isa = PBXNativeTarget;
			buildConfigurationList = 6AF1A31622F3FAEB000DFF79 /* Build configuration list for PBXNativeTarget "car_controllerTests" */;
			buildPhases = (
				6AF1A2FB22F3FAEB000DFF79 /* Sources */,
				6AF1A2FC22F3FAEB000DFF79 /* Frameworks */,
				6AF1A2FD22F3FAEB000DFF79 /* Resources */,
			);
			buildRules = (
			);
			dependencies = (
				6AF1A30122F3FAEB000DFF79 /* PBXTargetDependency */,
			);
			name = car_controllerTests;
			productName = car_controllerTests;
			productReference = 6AF1A2FF22F3FAEB000DFF79 /* car_controllerTests.xctest */;
			productType = "com.apple.product-type.bundle.unit-test";
		};
		6AF1A30922F3FAEB000DFF79 /* car_controllerUITests */ = {
			isa = PBXNativeTarget;
			buildConfigurationList = 6AF1A31922F3FAEB000DFF79 /* Build configuration list for PBXNativeTarget "car_controllerUITests" */;
			buildPhases = (
				6AF1A30622F3FAEB000DFF79 /* Sources */,
				6AF1A30722F3FAEB000DFF79 /* Frameworks */,
				6AF1A30822F3FAEB000DFF79 /* Resources */,
			);
			buildRules = (
			);
			dependencies = (
				6AF1A30C22F3FAEB000DFF79 /* PBXTargetDependency */,
			);
			name = car_controllerUITests;
			productName = car_controllerUITests;
			productReference = 6AF1A30A22F3FAEB000DFF79 /* car_controllerUITests.xctest */;
			productType = "com.apple.product-type.bundle.ui-testing";
		};
/* End PBXNativeTarget section */

/* Begin PBXProject section */
		6AF1A2E322F3FAE8000DFF79 /* Project object */ = {
			isa = PBXProject;
			attributes = {
				LastSwiftUpdateCheck = 1030;
				LastUpgradeCheck = 1030;
				ORGANIZATIONNAME = "Minsik Kim";
				TargetAttributes = {
					6AF1A2EA22F3FAE8000DFF79 = {
						CreatedOnToolsVersion = 10.3;
					};
					6AF1A2FE22F3FAEB000DFF79 = {
						CreatedOnToolsVersion = 10.3;
						TestTargetID = 6AF1A2EA22F3FAE8000DFF79;
					};
					6AF1A30922F3FAEB000DFF79 = {
						CreatedOnToolsVersion = 10.3;
						TestTargetID = 6AF1A2EA22F3FAE8000DFF79;
					};
				};
			};
			buildConfigurationList = 6AF1A2E622F3FAE8000DFF79 /* Build configuration list for PBXProject "car_controller" */;
			compatibilityVersion = "Xcode 9.3";
			developmentRegion = en;
			hasScannedForEncodings = 0;
			knownRegions = (
				en,
				Base,
			);
			mainGroup = 6AF1A2E222F3FAE8000DFF79;
			productRefGroup = 6AF1A2EC22F3FAE8000DFF79 /* Products */;
			projectDirPath = "";
			projectRoot = "";
			targets = (
				6AF1A2EA22F3FAE8000DFF79 /* car_controller */,
				6AF1A2FE22F3FAEB000DFF79 /* car_controllerTests */,
				6AF1A30922F3FAEB000DFF79 /* car_controllerUITests */,
			);
		};
/* End PBXProject section */

/* Begin PBXResourcesBuildPhase section */
		6AF1A2E922F3FAE8000DFF79 /* Resources */ = {
			isa = PBXResourcesBuildPhase;
			buildActionMask = 2147483647;
			files = (
				6AF1A2F922F3FAEB000DFF79 /* LaunchScreen.storyboard in Resources */,
				6AF1A2F622F3FAEB000DFF79 /* Assets.xcassets in Resources */,
				6AF1A2F422F3FAE8000DFF79 /* Main.storyboard in Resources */,
			);
			runOnlyForDeploymentPostprocessing = 0;
		};
		6AF1A2FD22F3FAEB000DFF79 /* Resources */ = {
			isa = PBXResourcesBuildPhase;
			buildActionMask = 2147483647;
			files = (
			);
			runOnlyForDeploymentPostprocessing = 0;
		};
		6AF1A30822F3FAEB000DFF79 /* Resources */ = {
			isa = PBXResourcesBuildPhase;
			buildActionMask = 2147483647;
			files = (
			);
			runOnlyForDeploymentPostprocessing = 0;
		};
/* End PBXResourcesBuildPhase section */

/* Begin PBXSourcesBuildPhase section */
		6AF1A2E722F3FAE8000DFF79 /* Sources */ = {
			isa = PBXSourcesBuildPhase;
			buildActionMask = 2147483647;
			files = (
				6AF1A2F122F3FAE8000DFF79 /* ViewController.swift in Sources */,
				6AF1A2EF22F3FAE8000DFF79 /* AppDelegate.swift in Sources */,
			);
			runOnlyForDeploymentPostprocessing = 0;
		};
		6AF1A2FB22F3FAEB000DFF79 /* Sources */ = {
			isa = PBXSourcesBuildPhase;
			buildActionMask = 2147483647;
			files = (
				6AF1A30422F3FAEB000DFF79 /* car_controllerTests.swift in Sources */,
			);
			runOnlyForDeploymentPostprocessing = 0;
		};
		6AF1A30622F3FAEB000DFF79 /* Sources */ = {
			isa = PBXSourcesBuildPhase;
			buildActionMask = 2147483647;
			files = (
				6AF1A30F22F3FAEB000DFF79 /* car_controllerUITests.swift in Sources */,
			);
			runOnlyForDeploymentPostprocessing = 0;
		};
/* End PBXSourcesBuildPhase section */

/* Begin PBXTargetDependency section */
		6AF1A30122F3FAEB000DFF79 /* PBXTargetDependency */ = {
			isa = PBXTargetDependency;
			target = 6AF1A2EA22F3FAE8000DFF79 /* car_controller */;
			targetProxy = 6AF1A30022F3FAEB000DFF79 /* PBXContainerItemProxy */;
		};
		6AF1A30C22F3FAEB000DFF79 /* PBXTargetDependency */ = {
			isa = PBXTargetDependency;
			target = 6AF1A2EA22F3FAE8000DFF79 /* car_controller */;
			targetProxy = 6AF1A30B22F3FAEB000DFF79 /* PBXContainerItemProxy */;
		};
/* End PBXTargetDependency section */

/* Begin PBXVariantGroup section */
		6AF1A2F222F3FAE8000DFF79 /* Main.storyboard */ = {
			isa = PBXVariantGroup;
			children = (
				6AF1A2F322F3FAE8000DFF79 /* Base */,
			);
			name = Main.storyboard;
			sourceTree = "<group>";
		};
		6AF1A2F722F3FAEB000DFF79 /* LaunchScreen.storyboard */ = {
			isa = PBXVariantGroup;
			children = (
				6AF1A2F822F3FAEB000DFF79 /* Base */,
			);
			name = LaunchScreen.storyboard;
			sourceTree = "<group>";
		};
/* End PBXVariantGroup section */

/* Begin XCBuildConfiguration section */
		6AF1A31122F3FAEB000DFF79 /* Debug */ = {
			isa = XCBuildConfiguration;
			buildSettings = {
				ALWAYS_SEARCH_USER_PATHS = NO;
				CLANG_ANALYZER_NONNULL = YES;
				CLANG_ANALYZER_NUMBER_OBJECT_CONVERSION = YES_AGGRESSIVE;
				CLANG_CXX_LANGUAGE_STANDARD = "gnu++14";
				CLANG_CXX_LIBRARY = "libc++";
				CLANG_ENABLE_MODULES = YES;
				CLANG_ENABLE_OBJC_ARC = YES;
				CLANG_ENABLE_OBJC_WEAK = YES;
				CLANG_WARN_BLOCK_CAPTURE_AUTORELEASING = YES;
				CLANG_WARN_BOOL_CONVERSION = YES;
				CLANG_WARN_COMMA = YES;
				CLANG_WARN_CONSTANT_CONVERSION = YES;
				CLANG_WARN_DEPRECATED_OBJC_IMPLEMENTATIONS = YES;
				CLANG_WARN_DIRECT_OBJC_ISA_USAGE = YES_ERROR;
				CLANG_WARN_DOCUMENTATION_COMMENTS = YES;
				CLANG_WARN_EMPTY_BODY = YES;
				CLANG_WARN_ENUM_CONVERSION = YES;
				CLANG_WARN_INFINITE_RECURSION = YES;
				CLANG_WARN_INT_CONVERSION = YES;
				CLANG_WARN_NON_LITERAL_NULL_CONVERSION = YES;
				CLANG_WARN_OBJC_IMPLICIT_RETAIN_SELF = YES;
				CLANG_WARN_OBJC_LITERAL_CONVERSION = YES;
				CLANG_WARN_OBJC_ROOT_CLASS = YES_ERROR;
				CLANG_WARN_RANGE_LOOP_ANALYSIS = YES;
				CLANG_WARN_STRICT_PROTOTYPES = YES;
				CLANG_WARN_SUSPICIOUS_MOVE = YES;
				CLANG_WARN_UNGUARDED_AVAILABILITY = YES_AGGRESSIVE;
				CLANG_WARN_UNREACHABLE_CODE = YES;
				CLANG_WARN__DUPLICATE_METHOD_MATCH = YES;
				CODE_SIGN_IDENTITY = "iPhone Developer";
				COPY_PHASE_STRIP = NO;
				DEBUG_INFORMATION_FORMAT = dwarf;
				ENABLE_STRICT_OBJC_MSGSEND = YES;
				ENABLE_TESTABILITY = YES;
				GCC_C_LANGUAGE_STANDARD = gnu11;
				GCC_DYNAMIC_NO_PIC = NO;
				GCC_NO_COMMON_BLOCKS = YES;
				GCC_OPTIMIZATION_LEVEL = 0;
				GCC_PREPROCESSOR_DEFINITIONS = (
					"DEBUG=1",
					"$(inherited)",
				);
				GCC_WARN_64_TO_32_BIT_CONVERSION = YES;
				GCC_WARN_ABOUT_RETURN_TYPE = YES_ERROR;
				GCC_WARN_UNDECLARED_SELECTOR = YES;
				GCC_WARN_UNINITIALIZED_AUTOS = YES_AGGRESSIVE;
				GCC_WARN_UNUSED_FUNCTION = YES;
				GCC_WARN_UNUSED_VARIABLE = YES;
				IPHONEOS_DEPLOYMENT_TARGET = 12.4;
				MTL_ENABLE_DEBUG_INFO = INCLUDE_SOURCE;
				MTL_FAST_MATH = YES;
				ONLY_ACTIVE_ARCH = YES;
				SDKROOT = iphoneos;
				SWIFT_ACTIVE_COMPILATION_CONDITIONS = DEBUG;
				SWIFT_OPTIMIZATION_LEVEL = "-Onone";
			};
			name = Debug;
		};
		6AF1A31222F3FAEB000DFF79 /* Release */ = {
			isa = XCBuildConfiguration;
			buildSettings = {
				ALWAYS_SEARCH_USER_PATHS = NO;
				CLANG_ANALYZER_NONNULL = YES;
				CLANG_ANALYZER_NUMBER_OBJECT_CONVERSION = YES_AGGRESSIVE;
				CLANG_CXX_LANGUAGE_STANDARD = "gnu++14";
				CLANG_CXX_LIBRARY = "libc++";
				CLANG_ENABLE_MODULES = YES;
				CLANG_ENABLE_OBJC_ARC = YES;
				CLANG_ENABLE_OBJC_WEAK = YES;
				CLANG_WARN_BLOCK_CAPTURE_AUTORELEASING = YES;
				CLANG_WARN_BOOL_CONVERSION = YES;
				CLANG_WARN_COMMA = YES;
				CLANG_WARN_CONSTANT_CONVERSION = YES;
				CLANG_WARN_DEPRECATED_OBJC_IMPLEMENTATIONS = YES;
				CLANG_WARN_DIRECT_OBJC_ISA_USAGE = YES_ERROR;
				CLANG_WARN_DOCUMENTATION_COMMENTS = YES;
				CLANG_WARN_EMPTY_BODY = YES;
				CLANG_WARN_ENUM_CONVERSION = YES;
				CLANG_WARN_INFINITE_RECURSION = YES;
				CLANG_WARN_INT_CONVERSION = YES;
				CLANG_WARN_NON_LITERAL_NULL_CONVERSION = YES;
				CLANG_WARN_OBJC_IMPLICIT_RETAIN_SELF = YES;
				CLANG_WARN_OBJC_LITERAL_CONVERSION = YES;
				CLANG_WARN_OBJC_ROOT_CLASS = YES_ERROR;
				CLANG_WARN_RANGE_LOOP_ANALYSIS = YES;
				CLANG_WARN_STRICT_PROTOTYPES = YES;
				CLANG_WARN_SUSPICIOUS_MOVE = YES;
				CLANG_WARN_UNGUARDED_AVAILABILITY = YES_AGGRESSIVE;
				CLANG_WARN_UNREACHABLE_CODE = YES;
				CLANG_WARN__DUPLICATE_METHOD_MATCH = YES;
				CODE_SIGN_IDENTITY = "iPhone Developer";
				COPY_PHASE_STRIP = NO;
				DEBUG_INFORMATION_FORMAT = "dwarf-with-dsym";
				ENABLE_NS_ASSERTIONS = NO;
				ENABLE_STRICT_OBJC_MSGSEND = YES;
				GCC_C_LANGUAGE_STANDARD = gnu11;
				GCC_NO_COMMON_BLOCKS = YES;
				GCC_WARN_64_TO_32_BIT_CONVERSION = YES;
				GCC_WARN_ABOUT_RETURN_TYPE = YES_ERROR;
				GCC_WARN_UNDECLARED_SELECTOR = YES;
				GCC_WARN_UNINITIALIZED_AUTOS = YES_AGGRESSIVE;
				GCC_WARN_UNUSED_FUNCTION = YES;
				GCC_WARN_UNUSED_VARIABLE = YES;
				IPHONEOS_DEPLOYMENT_TARGET = 12.4;
				MTL_ENABLE_DEBUG_INFO = NO;
				MTL_FAST_MATH = YES;
				SDKROOT = iphoneos;
				SWIFT_COMPILATION_MODE = wholemodule;
				SWIFT_OPTIMIZATION_LEVEL = "-O";
				VALIDATE_PRODUCT = YES;
			};
			name = Release;
		};
		6AF1A31422F3FAEB000DFF79 /* Debug */ = {
			isa = XCBuildConfiguration;
			buildSettings = {
				ASSETCATALOG_COMPILER_APPICON_NAME = AppIcon;
				CODE_SIGN_STYLE = Automatic;
				DEVELOPMENT_TEAM = 8A96L7BL4W;
				INFOPLIST_FILE = car_controller/Info.plist;
				LD_RUNPATH_SEARCH_PATHS = (
					"$(inherited)",
					"@executable_path/Frameworks",
				);
				PRODUCT_BUNDLE_IDENTIFIER = "just-a-project.car-controller";
				PRODUCT_NAME = "$(TARGET_NAME)";
				SWIFT_VERSION = 5.0;
				TARGETED_DEVICE_FAMILY = "1,2";
			};
			name = Debug;
		};
		6AF1A31522F3FAEB000DFF79 /* Release */ = {
			isa = XCBuildConfiguration;
			buildSettings = {
				ASSETCATALOG_COMPILER_APPICON_NAME = AppIcon;
				CODE_SIGN_STYLE = Automatic;
				DEVELOPMENT_TEAM = 8A96L7BL4W;
				INFOPLIST_FILE = car_controller/Info.plist;
				LD_RUNPATH_SEARCH_PATHS = (
					"$(inherited)",
					"@executable_path/Frameworks",
				);
				PRODUCT_BUNDLE_IDENTIFIER = "just-a-project.car-controller";
				PRODUCT_NAME = "$(TARGET_NAME)";
				SWIFT_VERSION = 5.0;
				TARGETED_DEVICE_FAMILY = "1,2";
			};
			name = Release;
		};
		6AF1A31722F3FAEB000DFF79 /* Debug */ = {
			isa = XCBuildConfiguration;
			buildSettings = {
				ALWAYS_EMBED_SWIFT_STANDARD_LIBRARIES = YES;
				BUNDLE_LOADER = "$(TEST_HOST)";
				CODE_SIGN_STYLE = Automatic;
				INFOPLIST_FILE = car_controllerTests/Info.plist;
				LD_RUNPATH_SEARCH_PATHS = (
					"$(inherited)",
					"@executable_path/Frameworks",
					"@loader_path/Frameworks",
				);
				PRODUCT_BUNDLE_IDENTIFIER = "just-a-project.car-controllerTests";
				PRODUCT_NAME = "$(TARGET_NAME)";
				SWIFT_VERSION = 5.0;
				TARGETED_DEVICE_FAMILY = "1,2";
				TEST_HOST = "$(BUILT_PRODUCTS_DIR)/car_controller.app/car_controller";
			};
			name = Debug;
		};
		6AF1A31822F3FAEB000DFF79 /* Release */ = {
			isa = XCBuildConfiguration;
			buildSettings = {
				ALWAYS_EMBED_SWIFT_STANDARD_LIBRARIES = YES;
				BUNDLE_LOADER = "$(TEST_HOST)";
				CODE_SIGN_STYLE = Automatic;
				INFOPLIST_FILE = car_controllerTests/Info.plist;
				LD_RUNPATH_SEARCH_PATHS = (
					"$(inherited)",
					"@executable_path/Frameworks",
					"@loader_path/Frameworks",
				);
				PRODUCT_BUNDLE_IDENTIFIER = "just-a-project.car-controllerTests";
				PRODUCT_NAME = "$(TARGET_NAME)";
				SWIFT_VERSION = 5.0;
				TARGETED_DEVICE_FAMILY = "1,2";
				TEST_HOST = "$(BUILT_PRODUCTS_DIR)/car_controller.app/car_controller";
			};
			name = Release;
		};
		6AF1A31A22F3FAEB000DFF79 /* Debug */ = {
			isa = XCBuildConfiguration;
			buildSettings = {
				ALWAYS_EMBED_SWIFT_STANDARD_LIBRARIES = YES;
				CODE_SIGN_STYLE = Automatic;
				INFOPLIST_FILE = car_controllerUITests/Info.plist;
				LD_RUNPATH_SEARCH_PATHS = (
					"$(inherited)",
					"@executable_path/Frameworks",
					"@loader_path/Frameworks",
				);
				PRODUCT_BUNDLE_IDENTIFIER = "just-a-project.car-controllerUITests";
				PRODUCT_NAME = "$(TARGET_NAME)";
				SWIFT_VERSION = 5.0;
				TARGETED_DEVICE_FAMILY = "1,2";
				TEST_TARGET_NAME = car_controller;
			};
			name = Debug;
		};
		6AF1A31B22F3FAEB000DFF79 /* Release */ = {
			isa = XCBuildConfiguration;
			buildSettings = {
				ALWAYS_EMBED_SWIFT_STANDARD_LIBRARIES = YES;
				CODE_SIGN_STYLE = Automatic;
				INFOPLIST_FILE = car_controllerUITests/Info.plist;
				LD_RUNPATH_SEARCH_PATHS = (
					"$(inherited)",
					"@executable_path/Frameworks",
					"@loader_path/Frameworks",
				);
				PRODUCT_BUNDLE_IDENTIFIER = "just-a-project.car-controllerUITests";
				PRODUCT_NAME = "$(TARGET_NAME)";
				SWIFT_VERSION = 5.0;
				TARGETED_DEVICE_FAMILY = "1,2";
				TEST_TARGET_NAME = car_controller;
			};
			name = Release;
		};
/* End XCBuildConfiguration section */

/* Begin XCConfigurationList section */
		6AF1A2E622F3FAE8000DFF79 /* Build configuration list for PBXProject "car_controller" */ = {
			isa = XCConfigurationList;
			buildConfigurations = (
				6AF1A31122F3FAEB000DFF79 /* Debug */,
				6AF1A31222F3FAEB000DFF79 /* Release */,
			);
			defaultConfigurationIsVisible = 0;
			defaultConfigurationName = Release;
		};
		6AF1A31322F3FAEB000DFF79 /* Build configuration list for PBXNativeTarget "car_controller" */ = {
			isa = XCConfigurationList;
			buildConfigurations = (
				6AF1A31422F3FAEB000DFF79 /* Debug */,
				6AF1A31522F3FAEB000DFF79 /* Release */,
			);
			defaultConfigurationIsVisible = 0;
			defaultConfigurationName = Release;
		};
		6AF1A31622F3FAEB000DFF79 /* Build configuration list for PBXNativeTarget "car_controllerTests" */ = {
			isa = XCConfigurationList;
			buildConfigurations = (
				6AF1A31722F3FAEB000DFF79 /* Debug */,
				6AF1A31822F3FAEB000DFF79 /* Release */,
			);
			defaultConfigurationIsVisible = 0;
			defaultConfigurationName = Release;
		};
		6AF1A31922F3FAEB000DFF79 /* Build configuration list for PBXNativeTarget "car_controllerUITests" */ = {
			isa = XCConfigurationList;
			buildConfigurations = (
				6AF1A31A22F3FAEB000DFF79 /* Debug */,
				6AF1A31B22F3FAEB000DFF79 /* Release */,
			);
			defaultConfigurationIsVisible = 0;
			defaultConfigurationName = Release;
		};
/* End XCConfigurationList section */
	};
	rootObject = 6AF1A2E322F3FAE8000DFF79 /* Project object */;
}
